// !$*UTF8*$!
{
	archiveVersion = 1;
	classes = {
	};
	objectVersion = 50;
	objects = {

/* Begin PBXBuildFile section */
		26257895246A6BBD002FF0EB /* AppDelegate.swift in Sources */ = {isa = PBXBuildFile; fileRef = 26257894246A6BBD002FF0EB /* AppDelegate.swift */; };
		26257897246A6BBD002FF0EB /* ViewController.swift in Sources */ = {isa = PBXBuildFile; fileRef = 26257896246A6BBD002FF0EB /* ViewController.swift */; };
		2625789A246A6BBD002FF0EB /* Main.storyboard in Resources */ = {isa = PBXBuildFile; fileRef = 26257898246A6BBD002FF0EB /* Main.storyboard */; };
		2625789C246A6BC0002FF0EB /* Assets.xcassets in Resources */ = {isa = PBXBuildFile; fileRef = 2625789B246A6BC0002FF0EB /* Assets.xcassets */; };
		2625789F246A6BC0002FF0EB /* LaunchScreen.storyboard in Resources */ = {isa = PBXBuildFile; fileRef = 2625789D246A6BC0002FF0EB /* LaunchScreen.storyboard */; };
		262578A7246A7676002FF0EB /* Test.swift in Sources */ = {isa = PBXBuildFile; fileRef = 262578A6246A7676002FF0EB /* Test.swift */; };
/* End PBXBuildFile section */

/* Begin PBXFileReference section */
		26257891246A6BBD002FF0EB /* SqlTest.app */ = {isa = PBXFileReference; explicitFileType = wrapper.application; includeInIndex = 0; path = SqlTest.app; sourceTree = BUILT_PRODUCTS_DIR; };
		26257894246A6BBD002FF0EB /* AppDelegate.swift */ = {isa = PBXFileReference; lastKnownFileType = sourcecode.swift; path = AppDelegate.swift; sourceTree = "<group>"; };
		26257896246A6BBD002FF0EB /* ViewController.swift */ = {isa = PBXFileReference; lastKnownFileType = sourcecode.swift; path = ViewController.swift; sourceTree = "<group>"; };
		26257899246A6BBD002FF0EB /* Base */ = {isa = PBXFileReference; lastKnownFileType = file.storyboard; name = Base; path = Base.lproj/Main.storyboard; sourceTree = "<group>"; };
		2625789B246A6BC0002FF0EB /* Assets.xcassets */ = {isa = PBXFileReference; lastKnownFileType = folder.assetcatalog; path = Assets.xcassets; sourceTree = "<group>"; };
		2625789E246A6BC0002FF0EB /* Base */ = {isa = PBXFileReference; lastKnownFileType = file.storyboard; name = Base; path = Base.lproj/LaunchScreen.storyboard; sourceTree = "<group>"; };
		262578A0246A6BC0002FF0EB /* Info.plist */ = {isa = PBXFileReference; lastKnownFileType = text.plist.xml; path = Info.plist; sourceTree = "<group>"; };
		262578A6246A7676002FF0EB /* Test.swift */ = {isa = PBXFileReference; lastKnownFileType = sourcecode.swift; path = Test.swift; sourceTree = "<group>"; };
/* End PBXFileReference section */

/* Begin PBXFrameworksBuildPhase section */
		2625788E246A6BBD002FF0EB /* Frameworks */ = {
			isa = PBXFrameworksBuildPhase;
			buildActionMask = 2147483647;
			files = (
			);
			runOnlyForDeploymentPostprocessing = 0;
		};
/* End PBXFrameworksBuildPhase section */

/* Begin PBXGroup section */
		26257888246A6BBD002FF0EB = {
			isa = PBXGroup;
			children = (
				26257893246A6BBD002FF0EB /* SqlTest */,
				26257892246A6BBD002FF0EB /* Products */,
			);
			sourceTree = "<group>";
		};
		26257892246A6BBD002FF0EB /* Products */ = {
			isa = PBXGroup;
			children = (
				26257891246A6BBD002FF0EB /* SqlTest.app */,
			);
			name = Products;
			sourceTree = "<group>";
		};
		26257893246A6BBD002FF0EB /* SqlTest */ = {
			isa = PBXGroup;
			children = (
				26257894246A6BBD002FF0EB /* AppDelegate.swift */,
				26257896246A6BBD002FF0EB /* ViewController.swift */,
				262578A6246A7676002FF0EB /* Test.swift */,
				26257898246A6BBD002FF0EB /* Main.storyboard */,
				2625789B246A6BC0002FF0EB /* Assets.xcassets */,
				2625789D246A6BC0002FF0EB /* LaunchScreen.storyboard */,
				262578A0246A6BC0002FF0EB /* Info.plist */,
			);
			path = SqlTest;
			sourceTree = "<group>";
		};
/* End PBXGroup section */

/* Begin PBXNativeTarget section */
		26257890246A6BBD002FF0EB /* SqlTest */ = {
			isa = PBXNativeTarget;
			buildConfigurationList = 262578A3246A6BC0002FF0EB /* Build configuration list for PBXNativeTarget "SqlTest" */;
			buildPhases = (
				2625788D246A6BBD002FF0EB /* Sources */,
				2625788E246A6BBD002FF0EB /* Frameworks */,
				2625788F246A6BBD002FF0EB /* Resources */,
			);
			buildRules = (
			);
			dependencies = (
			);
			name = SqlTest;
			productName = SqlTest;
			productReference = 26257891246A6BBD002FF0EB /* SqlTest.app */;
			productType = "com.apple.product-type.application";
		};
/* End PBXNativeTarget section */

/* Begin PBXProject section */
		26257889246A6BBD002FF0EB /* Project object */ = {
			isa = PBXProject;
			attributes = {
				LastSwiftUpdateCheck = 1020;
				LastUpgradeCheck = 1020;
				ORGANIZATIONNAME = xim;
				TargetAttributes = {
					26257890246A6BBD002FF0EB = {
						CreatedOnToolsVersion = 10.2.1;
					};
				};
			};
			buildConfigurationList = 2625788C246A6BBD002FF0EB /* Build configuration list for PBXProject "SqlTest" */;
			compatibilityVersion = "Xcode 9.3";
			developmentRegion = en;
			hasScannedForEncodings = 0;
			knownRegions = (
				en,
				Base,
			);
			mainGroup = 26257888246A6BBD002FF0EB;
			productRefGroup = 26257892246A6BBD002FF0EB /* Products */;
			projectDirPath = "";
			projectRoot = "";
			targets = (
				26257890246A6BBD002FF0EB /* SqlTest */,
			);
		};
/* End PBXProject section */

/* Begin PBXResourcesBuildPhase section */
		2625788F246A6BBD002FF0EB /* Resources */ = {
			isa = PBXResourcesBuildPhase;
			buildActionMask = 2147483647;
			files = (
				2625789F246A6BC0002FF0EB /* LaunchScreen.storyboard in Resources */,
				2625789C246A6BC0002FF0EB /* Assets.xcassets in Resources */,
				2625789A246A6BBD002FF0EB /* Main.storyboard in Resources */,
			);
			runOnlyForDeploymentPostprocessing = 0;
		};
/* End PBXResourcesBuildPhase section */

/* Begin PBXSourcesBuildPhase section */
		2625788D246A6BBD002FF0EB /* Sources */ = {
			isa = PBXSourcesBuildPhase;
			buildActionMask = 2147483647;
			files = (
				26257897246A6BBD002FF0EB /* ViewController.swift in Sources */,
				26257895246A6BBD002FF0EB /* AppDelegate.swift in Sources */,
				262578A7246A7676002FF0EB /* Test.swift in Sources */,
			);
			runOnlyForDeploymentPostprocessing = 0;
		};
/* End PBXSourcesBuildPhase section */

/* Begin PBXVariantGroup section */
		26257898246A6BBD002FF0EB /* Main.storyboard */ = {
			isa = PBXVariantGroup;
			children = (
				26257899246A6BBD002FF0EB /* Base */,
			);
			name = Main.storyboard;
			sourceTree = "<group>";
		};
		2625789D246A6BC0002FF0EB /* LaunchScreen.storyboard */ = {
			isa = PBXVariantGroup;
			children = (
				2625789E246A6BC0002FF0EB /* Base */,
			);
			name = LaunchScreen.storyboard;
			sourceTree = "<group>";
		};
/* End PBXVariantGroup section */

/* Begin XCBuildConfiguration section */
		262578A1246A6BC0002FF0EB /* Debug */ = {
			isa = XCBuildConfiguration;
			buildSettings = {
				ALWAYS_SEARCH_USER_PATHS = NO;
				CLANG_ANALYZER_NONNULL = YES;
				CLANG_ANALYZER_NUMBER_OBJECT_CONVERSION = YES_AGGRESSIVE;
				CLANG_CXX_LANGUAGE_STANDARD = "gnu++14";
				CLANG_CXX_LIBRARY = "libc++";
				CLANG_ENABLE_MODULES = YES;
				CLANG_ENABLE_OBJC_ARC = YES;
				CLANG_ENABLE_OBJC_WEAK = YES;
				CLANG_WARN_BLOCK_CAPTURE_AUTORELEASING = YES;
				CLANG_WARN_BOOL_CONVERSION = YES;
				CLANG_WARN_COMMA = YES;
				CLANG_WARN_CONSTANT_CONVERSION = YES;
				CLANG_WARN_DEPRECATED_OBJC_IMPLEMENTATIONS = YES;
				CLANG_WARN_DIRECT_OBJC_ISA_USAGE = YES_ERROR;
				CLANG_WARN_DOCUMENTATION_COMMENTS = YES;
				CLANG_WARN_EMPTY_BODY = YES;
				CLANG_WARN_ENUM_CONVERSION = YES;
				CLANG_WARN_INFINITE_RECURSION = YES;
				CLANG_WARN_INT_CONVERSION = YES;
				CLANG_WARN_NON_LITERAL_NULL_CONVERSION = YES;
				CLANG_WARN_OBJC_IMPLICIT_RETAIN_SELF = YES;
				CLANG_WARN_OBJC_LITERAL_CONVERSION = YES;
				CLANG_WARN_OBJC_ROOT_CLASS = YES_ERROR;
				CLANG_WARN_RANGE_LOOP_ANALYSIS = YES;
				CLANG_WARN_STRICT_PROTOTYPES = YES;
				CLANG_WARN_SUSPICIOUS_MOVE = YES;
				CLANG_WARN_UNGUARDED_AVAILABILITY = YES_AGGRESSIVE;
				CLANG_WARN_UNREACHABLE_CODE = YES;
				CLANG_WARN__DUPLICATE_METHOD_MATCH = YES;
				CODE_SIGN_IDENTITY = "iPhone Developer";
				COPY_PHASE_STRIP = NO;
				DEBUG_INFORMATION_FORMAT = dwarf;
				ENABLE_STRICT_OBJC_MSGSEND = YES;
				ENABLE_TESTABILITY = YES;
				GCC_C_LANGUAGE_STANDARD = gnu11;
				GCC_DYNAMIC_NO_PIC = NO;
				GCC_NO_COMMON_BLOCKS = YES;
				GCC_OPTIMIZATION_LEVEL = 0;
				GCC_PREPROCESSOR_DEFINITIONS = (
					"DEBUG=1",
					"$(inherited)",
				);
				GCC_WARN_64_TO_32_BIT_CONVERSION = YES;
				GCC_WARN_ABOUT_RETURN_TYPE = YES_ERROR;
				GCC_WARN_UNDECLARED_SELECTOR = YES;
				GCC_WARN_UNINITIALIZED_AUTOS = YES_AGGRESSIVE;
				GCC_WARN_UNUSED_FUNCTION = YES;
				GCC_WARN_UNUSED_VARIABLE = YES;
				IPHONEOS_DEPLOYMENT_TARGET = 12.2;
				MTL_ENABLE_DEBUG_INFO = INCLUDE_SOURCE;
				MTL_FAST_MATH = YES;
				ONLY_ACTIVE_ARCH = YES;
				SDKROOT = iphoneos;
				SWIFT_ACTIVE_COMPILATION_CONDITIONS = DEBUG;
				SWIFT_OPTIMIZATION_LEVEL = "-Onone";
			};
			name = Debug;
		};
		262578A2246A6BC0002FF0EB /* Release */ = {
			isa = XCBuildConfiguration;
			buildSettings = {
				ALWAYS_SEARCH_USER_PATHS = NO;
				CLANG_ANALYZER_NONNULL = YES;
				CLANG_ANALYZER_NUMBER_OBJECT_CONVERSION = YES_AGGRESSIVE;
				CLANG_CXX_LANGUAGE_STANDARD = "gnu++14";
				CLANG_CXX_LIBRARY = "libc++";
				CLANG_ENABLE_MODULES = YES;
				CLANG_ENABLE_OBJC_ARC = YES;
				CLANG_ENABLE_OBJC_WEAK = YES;
				CLANG_WARN_BLOCK_CAPTURE_AUTORELEASING = YES;
				CLANG_WARN_BOOL_CONVERSION = YES;
				CLANG_WARN_COMMA = YES;
				CLANG_WARN_CONSTANT_CONVERSION = YES;
				CLANG_WARN_DEPRECATED_OBJC_IMPLEMENTATIONS = YES;
				CLANG_WARN_DIRECT_OBJC_ISA_USAGE = YES_ERROR;
				CLANG_WARN_DOCUMENTATION_COMMENTS = YES;
				CLANG_WARN_EMPTY_BODY = YES;
				CLANG_WARN_ENUM_CONVERSION = YES;
				CLANG_WARN_INFINITE_RECURSION = YES;
				CLANG_WARN_INT_CONVERSION = YES;
				CLANG_WARN_NON_LITERAL_NULL_CONVERSION = YES;
				CLANG_WARN_OBJC_IMPLICIT_RETAIN_SELF = YES;
				CLANG_WARN_OBJC_LITERAL_CONVERSION = YES;
				CLANG_WARN_OBJC_ROOT_CLASS = YES_ERROR;
				CLANG_WARN_RANGE_LOOP_ANALYSIS = YES;
				CLANG_WARN_STRICT_PROTOTYPES = YES;
				CLANG_WARN_SUSPICIOUS_MOVE = YES;
				CLANG_WARN_UNGUARDED_AVAILABILITY = YES_AGGRESSIVE;
				CLANG_WARN_UNREACHABLE_CODE = YES;
				CLANG_WARN__DUPLICATE_METHOD_MATCH = YES;
				CODE_SIGN_IDENTITY = "iPhone Developer";
				COPY_PHASE_STRIP = NO;
				DEBUG_INFORMATION_FORMAT = "dwarf-with-dsym";
				ENABLE_NS_ASSERTIONS = NO;
				ENABLE_STRICT_OBJC_MSGSEND = YES;
				GCC_C_LANGUAGE_STANDARD = gnu11;
				GCC_NO_COMMON_BLOCKS = YES;
				GCC_WARN_64_TO_32_BIT_CONVERSION = YES;
				GCC_WARN_ABOUT_RETURN_TYPE = YES_ERROR;
				GCC_WARN_UNDECLARED_SELECTOR = YES;
				GCC_WARN_UNINITIALIZED_AUTOS = YES_AGGRESSIVE;
				GCC_WARN_UNUSED_FUNCTION = YES;
				GCC_WARN_UNUSED_VARIABLE = YES;
				IPHONEOS_DEPLOYMENT_TARGET = 12.2;
				MTL_ENABLE_DEBUG_INFO = NO;
				MTL_FAST_MATH = YES;
				SDKROOT = iphoneos;
				SWIFT_COMPILATION_MODE = wholemodule;
				SWIFT_OPTIMIZATION_LEVEL = "-O";
				VALIDATE_PRODUCT = YES;
			};
			name = Release;
		};
		262578A4246A6BC0002FF0EB /* Debug */ = {
			isa = XCBuildConfiguration;
			buildSettings = {
				ASSETCATALOG_COMPILER_APPICON_NAME = AppIcon;
				CODE_SIGN_STYLE = Automatic;
				INFOPLIST_FILE = SqlTest/Info.plist;
				LD_RUNPATH_SEARCH_PATHS = (
					"$(inherited)",
					"@executable_path/Frameworks",
				);
				PRODUCT_BUNDLE_IDENTIFIER = xim.macnpc.SqlTest;
				PRODUCT_NAME = "$(TARGET_NAME)";
				SWIFT_VERSION = 5.0;
				TARGETED_DEVICE_FAMILY = 1;
			};
			name = Debug;
		};
		262578A5246A6BC0002FF0EB /* Release */ = {
			isa = XCBuildConfiguration;
			buildSettings = {
				ASSETCATALOG_COMPILER_APPICON_NAME = AppIcon;
				CODE_SIGN_STYLE = Automatic;
				INFOPLIST_FILE = SqlTest/Info.plist;
				LD_RUNPATH_SEARCH_PATHS = (
					"$(inherited)",
					"@executable_path/Frameworks",
				);
				PRODUCT_BUNDLE_IDENTIFIER = xim.macnpc.SqlTest;
				PRODUCT_NAME = "$(TARGET_NAME)";
				SWIFT_VERSION = 5.0;
				TARGETED_DEVICE_FAMILY = 1;
			};
			name = Release;
		};
/* End XCBuildConfiguration section */

/* Begin XCConfigurationList section */
		2625788C246A6BBD002FF0EB /* Build configuration list for PBXProject "SqlTest" */ = {
			isa = XCConfigurationList;
			buildConfigurations = (
				262578A1246A6BC0002FF0EB /* Debug */,
				262578A2246A6BC0002FF0EB /* Release */,
			);
			defaultConfigurationIsVisible = 0;
			defaultConfigurationName = Release;
		};
		262578A3246A6BC0002FF0EB /* Build configuration list for PBXNativeTarget "SqlTest" */ = {
			isa = XCConfigurationList;
			buildConfigurations = (
				262578A4246A6BC0002FF0EB /* Debug */,
				262578A5246A6BC0002FF0EB /* Release */,
			);
			defaultConfigurationIsVisible = 0;
			defaultConfigurationName = Release;
		};
/* End XCConfigurationList section */
	};
	rootObject = 26257889246A6BBD002FF0EB /* Project object */;
}
