// !$*UTF8*$!
{
	archiveVersion = 1;
	classes = {
	};
	objectVersion = 51;
	objects = {

/* Begin PBXBuildFile section */
		26257820246A3B5F002FF0EB /* TestVO.swift in Sources */ = {isa = PBXBuildFile; fileRef = 2625781F246A3B5F002FF0EB /* TestVO.swift */; };
		26257829246A46B8002FF0EB /* Realm.framework in Frameworks */ = {isa = PBXBuildFile; fileRef = 26257828246A46B8002FF0EB /* Realm.framework */; };
		2625782B246A46BF002FF0EB /* RealmSwift.framework in Frameworks */ = {isa = PBXBuildFile; fileRef = 2625782A246A46BF002FF0EB /* RealmSwift.framework */; };
		2625782D246A46C5002FF0EB /* Alamofire.framework in Frameworks */ = {isa = PBXBuildFile; fileRef = 2625782C246A46C5002FF0EB /* Alamofire.framework */; };
		2625782F246A46C5002FF0EB /* SwiftyJSON.framework in Frameworks */ = {isa = PBXBuildFile; fileRef = 2625782E246A46C5002FF0EB /* SwiftyJSON.framework */; };
		26BA35D02469370F00033727 /* AppDelegate.swift in Sources */ = {isa = PBXBuildFile; fileRef = 26BA35CF2469370F00033727 /* AppDelegate.swift */; };
		26BA35D22469370F00033727 /* ViewController.swift in Sources */ = {isa = PBXBuildFile; fileRef = 26BA35D12469370F00033727 /* ViewController.swift */; };
		26BA35D52469370F00033727 /* Main.storyboard in Resources */ = {isa = PBXBuildFile; fileRef = 26BA35D32469370F00033727 /* Main.storyboard */; };
		26BA35D72469371000033727 /* Assets.xcassets in Resources */ = {isa = PBXBuildFile; fileRef = 26BA35D62469371000033727 /* Assets.xcassets */; };
		26BA35DA2469371100033727 /* LaunchScreen.storyboard in Resources */ = {isa = PBXBuildFile; fileRef = 26BA35D82469371100033727 /* LaunchScreen.storyboard */; };
		26BA35E2246938EE00033727 /* CustomCellTableViewCell.swift in Sources */ = {isa = PBXBuildFile; fileRef = 26BA35E1246938EE00033727 /* CustomCellTableViewCell.swift */; };
		26BA35E624693BC400033727 /* pic2.png in Resources */ = {isa = PBXBuildFile; fileRef = 26BA35E324693BC400033727 /* pic2.png */; };
		26BA35E724693BC400033727 /* pic3.png in Resources */ = {isa = PBXBuildFile; fileRef = 26BA35E424693BC400033727 /* pic3.png */; };
		26BA35E824693BC400033727 /* pic1.png in Resources */ = {isa = PBXBuildFile; fileRef = 26BA35E524693BC400033727 /* pic1.png */; };
		26BA35EA24693E4D00033727 /* MovieVO.swift in Sources */ = {isa = PBXBuildFile; fileRef = 26BA35E924693E4D00033727 /* MovieVO.swift */; };
		93C7CCD9B0E54CA19C4ECFC5 /* Pods_CustomTable.framework in Frameworks */ = {isa = PBXBuildFile; fileRef = D9059F64343BFA1117712325 /* Pods_CustomTable.framework */; };
/* End PBXBuildFile section */

/* Begin PBXContainerItemProxy section */
		269CA0B324694D1C00B0ACC2 /* PBXContainerItemProxy */ = {
			isa = PBXContainerItemProxy;
			containerPortal = 269CA0A924694D1B00B0ACC2 /* Alamofire.xcodeproj */;
			proxyType = 2;
			remoteGlobalIDString = F8111E3319A95C8B0040E7D1;
			remoteInfo = "Alamofire iOS";
		};
		269CA0B524694D1C00B0ACC2 /* PBXContainerItemProxy */ = {
			isa = PBXContainerItemProxy;
			containerPortal = 269CA0A924694D1B00B0ACC2 /* Alamofire.xcodeproj */;
			proxyType = 2;
			remoteGlobalIDString = F8111E3E19A95C8B0040E7D1;
			remoteInfo = "Alamofire iOS Tests";
		};
		269CA0B724694D1C00B0ACC2 /* PBXContainerItemProxy */ = {
			isa = PBXContainerItemProxy;
			containerPortal = 269CA0A924694D1B00B0ACC2 /* Alamofire.xcodeproj */;
			proxyType = 2;
			remoteGlobalIDString = 4DD67C0B1A5C55C900ED2280;
			remoteInfo = "Alamofire macOS";
		};
		269CA0B924694D1C00B0ACC2 /* PBXContainerItemProxy */ = {
			isa = PBXContainerItemProxy;
			containerPortal = 269CA0A924694D1B00B0ACC2 /* Alamofire.xcodeproj */;
			proxyType = 2;
			remoteGlobalIDString = F829C6B21A7A94F100A2CD59;
			remoteInfo = "Alamofire macOS Tests";
		};
		269CA0BB24694D1C00B0ACC2 /* PBXContainerItemProxy */ = {
			isa = PBXContainerItemProxy;
			containerPortal = 269CA0A924694D1B00B0ACC2 /* Alamofire.xcodeproj */;
			proxyType = 2;
			remoteGlobalIDString = 4CF626EF1BA7CB3E0011A099;
			remoteInfo = "Alamofire tvOS";
		};
		269CA0BD24694D1C00B0ACC2 /* PBXContainerItemProxy */ = {
			isa = PBXContainerItemProxy;
			containerPortal = 269CA0A924694D1B00B0ACC2 /* Alamofire.xcodeproj */;
			proxyType = 2;
			remoteGlobalIDString = 4CF626F81BA7CB3E0011A099;
			remoteInfo = "Alamofire tvOS Tests";
		};
		269CA0BF24694D1C00B0ACC2 /* PBXContainerItemProxy */ = {
			isa = PBXContainerItemProxy;
			containerPortal = 269CA0A924694D1B00B0ACC2 /* Alamofire.xcodeproj */;
			proxyType = 2;
			remoteGlobalIDString = E4202FE01B667AA100C997FB;
			remoteInfo = "Alamofire watchOS";
		};
/* End PBXContainerItemProxy section */

/* Begin PBXFileReference section */
		2625781F246A3B5F002FF0EB /* TestVO.swift */ = {isa = PBXFileReference; lastKnownFileType = sourcecode.swift; path = TestVO.swift; sourceTree = "<group>"; };
		26257821246A4614002FF0EB /* Realm.framework */ = {isa = PBXFileReference; explicitFileType = wrapper.framework; path = Realm.framework; sourceTree = BUILT_PRODUCTS_DIR; };
		26257825246A461B002FF0EB /* RealmSwift.framework */ = {isa = PBXFileReference; explicitFileType = wrapper.framework; path = RealmSwift.framework; sourceTree = BUILT_PRODUCTS_DIR; };
		26257828246A46B8002FF0EB /* Realm.framework */ = {isa = PBXFileReference; explicitFileType = wrapper.framework; path = Realm.framework; sourceTree = BUILT_PRODUCTS_DIR; };
		2625782A246A46BF002FF0EB /* RealmSwift.framework */ = {isa = PBXFileReference; explicitFileType = wrapper.framework; path = RealmSwift.framework; sourceTree = BUILT_PRODUCTS_DIR; };
		2625782C246A46C5002FF0EB /* Alamofire.framework */ = {isa = PBXFileReference; explicitFileType = wrapper.framework; path = Alamofire.framework; sourceTree = BUILT_PRODUCTS_DIR; };
		2625782E246A46C5002FF0EB /* SwiftyJSON.framework */ = {isa = PBXFileReference; explicitFileType = wrapper.framework; path = SwiftyJSON.framework; sourceTree = BUILT_PRODUCTS_DIR; };
		269CA0A924694D1B00B0ACC2 /* Alamofire.xcodeproj */ = {isa = PBXFileReference; lastKnownFileType = "wrapper.pb-project"; name = Alamofire.xcodeproj; path = Alamofire/Alamofire.xcodeproj; sourceTree = "<group>"; };
		26BA35CC2469370F00033727 /* CustomTable.app */ = {isa = PBXFileReference; explicitFileType = wrapper.application; includeInIndex = 0; path = CustomTable.app; sourceTree = BUILT_PRODUCTS_DIR; };
		26BA35CF2469370F00033727 /* AppDelegate.swift */ = {isa = PBXFileReference; lastKnownFileType = sourcecode.swift; path = AppDelegate.swift; sourceTree = "<group>"; };
		26BA35D12469370F00033727 /* ViewController.swift */ = {isa = PBXFileReference; lastKnownFileType = sourcecode.swift; path = ViewController.swift; sourceTree = "<group>"; };
		26BA35D42469370F00033727 /* Base */ = {isa = PBXFileReference; lastKnownFileType = file.storyboard; name = Base; path = Base.lproj/Main.storyboard; sourceTree = "<group>"; };
		26BA35D62469371000033727 /* Assets.xcassets */ = {isa = PBXFileReference; lastKnownFileType = folder.assetcatalog; path = Assets.xcassets; sourceTree = "<group>"; };
		26BA35D92469371100033727 /* Base */ = {isa = PBXFileReference; lastKnownFileType = file.storyboard; name = Base; path = Base.lproj/LaunchScreen.storyboard; sourceTree = "<group>"; };
		26BA35DB2469371100033727 /* Info.plist */ = {isa = PBXFileReference; lastKnownFileType = text.plist.xml; path = Info.plist; sourceTree = "<group>"; };
		26BA35E1246938EE00033727 /* CustomCellTableViewCell.swift */ = {isa = PBXFileReference; lastKnownFileType = sourcecode.swift; path = CustomCellTableViewCell.swift; sourceTree = "<group>"; };
		26BA35E324693BC400033727 /* pic2.png */ = {isa = PBXFileReference; lastKnownFileType = image.png; path = pic2.png; sourceTree = "<group>"; };
		26BA35E424693BC400033727 /* pic3.png */ = {isa = PBXFileReference; lastKnownFileType = image.png; path = pic3.png; sourceTree = "<group>"; };
		26BA35E524693BC400033727 /* pic1.png */ = {isa = PBXFileReference; lastKnownFileType = image.png; path = pic1.png; sourceTree = "<group>"; };
		26BA35E924693E4D00033727 /* MovieVO.swift */ = {isa = PBXFileReference; lastKnownFileType = sourcecode.swift; path = MovieVO.swift; sourceTree = "<group>"; };
		46132735AA6E4E0BB2F97680 /* Pods-CustomTable.release.xcconfig */ = {isa = PBXFileReference; includeInIndex = 1; lastKnownFileType = text.xcconfig; name = "Pods-CustomTable.release.xcconfig"; path = "Target Support Files/Pods-CustomTable/Pods-CustomTable.release.xcconfig"; sourceTree = "<group>"; };
		D647420957553A17A27FAC71 /* Pods-CustomTable.debug.xcconfig */ = {isa = PBXFileReference; includeInIndex = 1; lastKnownFileType = text.xcconfig; name = "Pods-CustomTable.debug.xcconfig"; path = "Target Support Files/Pods-CustomTable/Pods-CustomTable.debug.xcconfig"; sourceTree = "<group>"; };
		D9059F64343BFA1117712325 /* Pods_CustomTable.framework */ = {isa = PBXFileReference; explicitFileType = wrapper.framework; includeInIndex = 0; path = Pods_CustomTable.framework; sourceTree = BUILT_PRODUCTS_DIR; };
/* End PBXFileReference section */

/* Begin PBXFrameworksBuildPhase section */
		26BA35C92469370F00033727 /* Frameworks */ = {
			isa = PBXFrameworksBuildPhase;
			buildActionMask = 2147483647;
			files = (
				2625782D246A46C5002FF0EB /* Alamofire.framework in Frameworks */,
				2625782F246A46C5002FF0EB /* SwiftyJSON.framework in Frameworks */,
				2625782B246A46BF002FF0EB /* RealmSwift.framework in Frameworks */,
				26257829246A46B8002FF0EB /* Realm.framework in Frameworks */,
				93C7CCD9B0E54CA19C4ECFC5 /* Pods_CustomTable.framework in Frameworks */,
			);
			runOnlyForDeploymentPostprocessing = 0;
		};
/* End PBXFrameworksBuildPhase section */

/* Begin PBXGroup section */
		02379E52CDF307EB67F5A02C /* Pods */ = {
			isa = PBXGroup;
			children = (
				D647420957553A17A27FAC71 /* Pods-CustomTable.debug.xcconfig */,
				46132735AA6E4E0BB2F97680 /* Pods-CustomTable.release.xcconfig */,
			);
			path = Pods;
			sourceTree = "<group>";
		};
		269CA0AA24694D1B00B0ACC2 /* Products */ = {
			isa = PBXGroup;
			children = (
				269CA0B424694D1C00B0ACC2 /* Alamofire.framework */,
				269CA0B624694D1C00B0ACC2 /* Alamofire iOS Tests.xctest */,
				269CA0B824694D1C00B0ACC2 /* Alamofire.framework */,
				269CA0BA24694D1C00B0ACC2 /* Alamofire macOS Tests.xctest */,
				269CA0BC24694D1C00B0ACC2 /* Alamofire.framework */,
				269CA0BE24694D1C00B0ACC2 /* Alamofire tvOS Tests.xctest */,
				269CA0C024694D1C00B0ACC2 /* Alamofire.framework */,
			);
			name = Products;
			sourceTree = "<group>";
		};
		26BA35C32469370F00033727 = {
			isa = PBXGroup;
			children = (
				26257825246A461B002FF0EB /* RealmSwift.framework */,
				26257821246A4614002FF0EB /* Realm.framework */,
				26BA35CE2469370F00033727 /* CustomTable */,
				26BA35CD2469370F00033727 /* Products */,
				269CA0A924694D1B00B0ACC2 /* Alamofire.xcodeproj */,
				02379E52CDF307EB67F5A02C /* Pods */,
				AF81120E97BF17F4BE768E18 /* Frameworks */,
			);
			sourceTree = "<group>";
		};
		26BA35CD2469370F00033727 /* Products */ = {
			isa = PBXGroup;
			children = (
				26BA35CC2469370F00033727 /* CustomTable.app */,
			);
			name = Products;
			sourceTree = "<group>";
		};
		26BA35CE2469370F00033727 /* CustomTable */ = {
			isa = PBXGroup;
			children = (
				2625781F246A3B5F002FF0EB /* TestVO.swift */,
				26BA35E524693BC400033727 /* pic1.png */,
				26BA35E324693BC400033727 /* pic2.png */,
				26BA35E424693BC400033727 /* pic3.png */,
				26BA35CF2469370F00033727 /* AppDelegate.swift */,
				26BA35D12469370F00033727 /* ViewController.swift */,
				26BA35E924693E4D00033727 /* MovieVO.swift */,
				26BA35E1246938EE00033727 /* CustomCellTableViewCell.swift */,
				26BA35D32469370F00033727 /* Main.storyboard */,
				26BA35D62469371000033727 /* Assets.xcassets */,
				26BA35D82469371100033727 /* LaunchScreen.storyboard */,
				26BA35DB2469371100033727 /* Info.plist */,
			);
			path = CustomTable;
			sourceTree = "<group>";
		};
		AF81120E97BF17F4BE768E18 /* Frameworks */ = {
			isa = PBXGroup;
			children = (
				2625782C246A46C5002FF0EB /* Alamofire.framework */,
				2625782E246A46C5002FF0EB /* SwiftyJSON.framework */,
				2625782A246A46BF002FF0EB /* RealmSwift.framework */,
				26257828246A46B8002FF0EB /* Realm.framework */,
				D9059F64343BFA1117712325 /* Pods_CustomTable.framework */,
			);
			name = Frameworks;
			sourceTree = "<group>";
		};
/* End PBXGroup section */

/* Begin PBXNativeTarget section */
		26BA35CB2469370F00033727 /* CustomTable */ = {
			isa = PBXNativeTarget;
			buildConfigurationList = 26BA35DE2469371100033727 /* Build configuration list for PBXNativeTarget "CustomTable" */;
			buildPhases = (
				0034A6D59F87DB00A339E427 /* [CP] Check Pods Manifest.lock */,
				26BA35C82469370F00033727 /* Sources */,
				26BA35C92469370F00033727 /* Frameworks */,
				26BA35CA2469370F00033727 /* Resources */,
				0BBBFF6BCB56AB705350D9CC /* [CP] Embed Pods Frameworks */,
			);
			buildRules = (
			);
			dependencies = (
			);
			name = CustomTable;
			productName = CustomTable;
			productReference = 26BA35CC2469370F00033727 /* CustomTable.app */;
			productType = "com.apple.product-type.application";
		};
/* End PBXNativeTarget section */

/* Begin PBXProject section */
		26BA35C42469370F00033727 /* Project object */ = {
			isa = PBXProject;
			attributes = {
				LastSwiftUpdateCheck = 1020;
				LastUpgradeCheck = 1020;
				ORGANIZATIONNAME = xim;
				TargetAttributes = {
					26BA35CB2469370F00033727 = {
						CreatedOnToolsVersion = 10.2.1;
					};
				};
			};
			buildConfigurationList = 26BA35C72469370F00033727 /* Build configuration list for PBXProject "CustomTable" */;
			compatibilityVersion = "Xcode 9.3";
			developmentRegion = en;
			hasScannedForEncodings = 0;
			knownRegions = (
				en,
				Base,
			);
			mainGroup = 26BA35C32469370F00033727;
			productRefGroup = 26BA35CD2469370F00033727 /* Products */;
			projectDirPath = "";
			projectReferences = (
				{
					ProductGroup = 269CA0AA24694D1B00B0ACC2 /* Products */;
					ProjectRef = 269CA0A924694D1B00B0ACC2 /* Alamofire.xcodeproj */;
				},
			);
			projectRoot = "";
			targets = (
				26BA35CB2469370F00033727 /* CustomTable */,
			);
		};
/* End PBXProject section */

/* Begin PBXReferenceProxy section */
		269CA0B424694D1C00B0ACC2 /* Alamofire.framework */ = {
			isa = PBXReferenceProxy;
			fileType = wrapper.framework;
			path = Alamofire.framework;
			remoteRef = 269CA0B324694D1C00B0ACC2 /* PBXContainerItemProxy */;
			sourceTree = BUILT_PRODUCTS_DIR;
		};
		269CA0B624694D1C00B0ACC2 /* Alamofire iOS Tests.xctest */ = {
			isa = PBXReferenceProxy;
			fileType = wrapper.cfbundle;
			path = "Alamofire iOS Tests.xctest";
			remoteRef = 269CA0B524694D1C00B0ACC2 /* PBXContainerItemProxy */;
			sourceTree = BUILT_PRODUCTS_DIR;
		};
		269CA0B824694D1C00B0ACC2 /* Alamofire.framework */ = {
			isa = PBXReferenceProxy;
			fileType = wrapper.framework;
			path = Alamofire.framework;
			remoteRef = 269CA0B724694D1C00B0ACC2 /* PBXContainerItemProxy */;
			sourceTree = BUILT_PRODUCTS_DIR;
		};
		269CA0BA24694D1C00B0ACC2 /* Alamofire macOS Tests.xctest */ = {
			isa = PBXReferenceProxy;
			fileType = wrapper.cfbundle;
			path = "Alamofire macOS Tests.xctest";
			remoteRef = 269CA0B924694D1C00B0ACC2 /* PBXContainerItemProxy */;
			sourceTree = BUILT_PRODUCTS_DIR;
		};
		269CA0BC24694D1C00B0ACC2 /* Alamofire.framework */ = {
			isa = PBXReferenceProxy;
			fileType = wrapper.framework;
			path = Alamofire.framework;
			remoteRef = 269CA0BB24694D1C00B0ACC2 /* PBXContainerItemProxy */;
			sourceTree = BUILT_PRODUCTS_DIR;
		};
		269CA0BE24694D1C00B0ACC2 /* Alamofire tvOS Tests.xctest */ = {
			isa = PBXReferenceProxy;
			fileType = wrapper.cfbundle;
			path = "Alamofire tvOS Tests.xctest";
			remoteRef = 269CA0BD24694D1C00B0ACC2 /* PBXContainerItemProxy */;
			sourceTree = BUILT_PRODUCTS_DIR;
		};
		269CA0C024694D1C00B0ACC2 /* Alamofire.framework */ = {
			isa = PBXReferenceProxy;
			fileType = wrapper.framework;
			path = Alamofire.framework;
			remoteRef = 269CA0BF24694D1C00B0ACC2 /* PBXContainerItemProxy */;
			sourceTree = BUILT_PRODUCTS_DIR;
		};
/* End PBXReferenceProxy section */

/* Begin PBXResourcesBuildPhase section */
		26BA35CA2469370F00033727 /* Resources */ = {
			isa = PBXResourcesBuildPhase;
			buildActionMask = 2147483647;
			files = (
				26BA35DA2469371100033727 /* LaunchScreen.storyboard in Resources */,
				26BA35E724693BC400033727 /* pic3.png in Resources */,
				26BA35E824693BC400033727 /* pic1.png in Resources */,
				26BA35E624693BC400033727 /* pic2.png in Resources */,
				26BA35D72469371000033727 /* Assets.xcassets in Resources */,
				26BA35D52469370F00033727 /* Main.storyboard in Resources */,
			);
			runOnlyForDeploymentPostprocessing = 0;
		};
/* End PBXResourcesBuildPhase section */

/* Begin PBXShellScriptBuildPhase section */
		0034A6D59F87DB00A339E427 /* [CP] Check Pods Manifest.lock */ = {
			isa = PBXShellScriptBuildPhase;
			buildActionMask = 2147483647;
			files = (
			);
			inputFileListPaths = (
			);
			inputPaths = (
				"${PODS_PODFILE_DIR_PATH}/Podfile.lock",
				"${PODS_ROOT}/Manifest.lock",
			);
			name = "[CP] Check Pods Manifest.lock";
			outputFileListPaths = (
			);
			outputPaths = (
				"$(DERIVED_FILE_DIR)/Pods-CustomTable-checkManifestLockResult.txt",
			);
			runOnlyForDeploymentPostprocessing = 0;
			shellPath = /bin/sh;
			shellScript = "diff \"${PODS_PODFILE_DIR_PATH}/Podfile.lock\" \"${PODS_ROOT}/Manifest.lock\" > /dev/null\nif [ $? != 0 ] ; then\n    # print error to STDERR\n    echo \"error: The sandbox is not in sync with the Podfile.lock. Run 'pod install' or update your CocoaPods installation.\" >&2\n    exit 1\nfi\n# This output is used by Xcode 'outputs' to avoid re-running this script phase.\necho \"SUCCESS\" > \"${SCRIPT_OUTPUT_FILE_0}\"\n";
			showEnvVarsInLog = 0;
		};
		0BBBFF6BCB56AB705350D9CC /* [CP] Embed Pods Frameworks */ = {
			isa = PBXShellScriptBuildPhase;
			buildActionMask = 2147483647;
			files = (
			);
			inputFileListPaths = (
				"${PODS_ROOT}/Target Support Files/Pods-CustomTable/Pods-CustomTable-frameworks-${CONFIGURATION}-input-files.xcfilelist",
			);
			name = "[CP] Embed Pods Frameworks";
			outputFileListPaths = (
				"${PODS_ROOT}/Target Support Files/Pods-CustomTable/Pods-CustomTable-frameworks-${CONFIGURATION}-output-files.xcfilelist",
			);
			runOnlyForDeploymentPostprocessing = 0;
			shellPath = /bin/sh;
			shellScript = "\"${PODS_ROOT}/Target Support Files/Pods-CustomTable/Pods-CustomTable-frameworks.sh\"\n";
			showEnvVarsInLog = 0;
		};
/* End PBXShellScriptBuildPhase section */

/* Begin PBXSourcesBuildPhase section */
		26BA35C82469370F00033727 /* Sources */ = {
			isa = PBXSourcesBuildPhase;
			buildActionMask = 2147483647;
			files = (
				26257820246A3B5F002FF0EB /* TestVO.swift in Sources */,
				26BA35D22469370F00033727 /* ViewController.swift in Sources */,
				26BA35EA24693E4D00033727 /* MovieVO.swift in Sources */,
				26BA35D02469370F00033727 /* AppDelegate.swift in Sources */,
				26BA35E2246938EE00033727 /* CustomCellTableViewCell.swift in Sources */,
			);
			runOnlyForDeploymentPostprocessing = 0;
		};
/* End PBXSourcesBuildPhase section */

/* Begin PBXVariantGroup section */
		26BA35D32469370F00033727 /* Main.storyboard */ = {
			isa = PBXVariantGroup;
			children = (
				26BA35D42469370F00033727 /* Base */,
			);
			name = Main.storyboard;
			sourceTree = "<group>";
		};
		26BA35D82469371100033727 /* LaunchScreen.storyboard */ = {
			isa = PBXVariantGroup;
			children = (
				26BA35D92469371100033727 /* Base */,
			);
			name = LaunchScreen.storyboard;
			sourceTree = "<group>";
		};
/* End PBXVariantGroup section */

/* Begin XCBuildConfiguration section */
		26BA35DC2469371100033727 /* Debug */ = {
			isa = XCBuildConfiguration;
			buildSettings = {
				ALWAYS_SEARCH_USER_PATHS = NO;
				CLANG_ANALYZER_NONNULL = YES;
				CLANG_ANALYZER_NUMBER_OBJECT_CONVERSION = YES_AGGRESSIVE;
				CLANG_CXX_LANGUAGE_STANDARD = "gnu++14";
				CLANG_CXX_LIBRARY = "libc++";
				CLANG_ENABLE_MODULES = YES;
				CLANG_ENABLE_OBJC_ARC = YES;
				CLANG_ENABLE_OBJC_WEAK = YES;
				CLANG_WARN_BLOCK_CAPTURE_AUTORELEASING = YES;
				CLANG_WARN_BOOL_CONVERSION = YES;
				CLANG_WARN_COMMA = YES;
				CLANG_WARN_CONSTANT_CONVERSION = YES;
				CLANG_WARN_DEPRECATED_OBJC_IMPLEMENTATIONS = YES;
				CLANG_WARN_DIRECT_OBJC_ISA_USAGE = YES_ERROR;
				CLANG_WARN_DOCUMENTATION_COMMENTS = YES;
				CLANG_WARN_EMPTY_BODY = YES;
				CLANG_WARN_ENUM_CONVERSION = YES;
				CLANG_WARN_INFINITE_RECURSION = YES;
				CLANG_WARN_INT_CONVERSION = YES;
				CLANG_WARN_NON_LITERAL_NULL_CONVERSION = YES;
				CLANG_WARN_OBJC_IMPLICIT_RETAIN_SELF = YES;
				CLANG_WARN_OBJC_LITERAL_CONVERSION = YES;
				CLANG_WARN_OBJC_ROOT_CLASS = YES_ERROR;
				CLANG_WARN_RANGE_LOOP_ANALYSIS = YES;
				CLANG_WARN_STRICT_PROTOTYPES = YES;
				CLANG_WARN_SUSPICIOUS_MOVE = YES;
				CLANG_WARN_UNGUARDED_AVAILABILITY = YES_AGGRESSIVE;
				CLANG_WARN_UNREACHABLE_CODE = YES;
				CLANG_WARN__DUPLICATE_METHOD_MATCH = YES;
				CODE_SIGN_IDENTITY = "iPhone Developer";
				COPY_PHASE_STRIP = NO;
				DEBUG_INFORMATION_FORMAT = dwarf;
				ENABLE_STRICT_OBJC_MSGSEND = YES;
				ENABLE_TESTABILITY = YES;
				GCC_C_LANGUAGE_STANDARD = gnu11;
				GCC_DYNAMIC_NO_PIC = NO;
				GCC_NO_COMMON_BLOCKS = YES;
				GCC_OPTIMIZATION_LEVEL = 0;
				GCC_PREPROCESSOR_DEFINITIONS = (
					"DEBUG=1",
					"$(inherited)",
				);
				GCC_WARN_64_TO_32_BIT_CONVERSION = YES;
				GCC_WARN_ABOUT_RETURN_TYPE = YES_ERROR;
				GCC_WARN_UNDECLARED_SELECTOR = YES;
				GCC_WARN_UNINITIALIZED_AUTOS = YES_AGGRESSIVE;
				GCC_WARN_UNUSED_FUNCTION = YES;
				GCC_WARN_UNUSED_VARIABLE = YES;
				IPHONEOS_DEPLOYMENT_TARGET = 12.2;
				MTL_ENABLE_DEBUG_INFO = INCLUDE_SOURCE;
				MTL_FAST_MATH = YES;
				ONLY_ACTIVE_ARCH = YES;
				SDKROOT = iphoneos;
				SWIFT_ACTIVE_COMPILATION_CONDITIONS = DEBUG;
				SWIFT_OPTIMIZATION_LEVEL = "-Onone";
			};
			name = Debug;
		};
		26BA35DD2469371100033727 /* Release */ = {
			isa = XCBuildConfiguration;
			buildSettings = {
				ALWAYS_SEARCH_USER_PATHS = NO;
				CLANG_ANALYZER_NONNULL = YES;
				CLANG_ANALYZER_NUMBER_OBJECT_CONVERSION = YES_AGGRESSIVE;
				CLANG_CXX_LANGUAGE_STANDARD = "gnu++14";
				CLANG_CXX_LIBRARY = "libc++";
				CLANG_ENABLE_MODULES = YES;
				CLANG_ENABLE_OBJC_ARC = YES;
				CLANG_ENABLE_OBJC_WEAK = YES;
				CLANG_WARN_BLOCK_CAPTURE_AUTORELEASING = YES;
				CLANG_WARN_BOOL_CONVERSION = YES;
				CLANG_WARN_COMMA = YES;
				CLANG_WARN_CONSTANT_CONVERSION = YES;
				CLANG_WARN_DEPRECATED_OBJC_IMPLEMENTATIONS = YES;
				CLANG_WARN_DIRECT_OBJC_ISA_USAGE = YES_ERROR;
				CLANG_WARN_DOCUMENTATION_COMMENTS = YES;
				CLANG_WARN_EMPTY_BODY = YES;
				CLANG_WARN_ENUM_CONVERSION = YES;
				CLANG_WARN_INFINITE_RECURSION = YES;
				CLANG_WARN_INT_CONVERSION = YES;
				CLANG_WARN_NON_LITERAL_NULL_CONVERSION = YES;
				CLANG_WARN_OBJC_IMPLICIT_RETAIN_SELF = YES;
				CLANG_WARN_OBJC_LITERAL_CONVERSION = YES;
				CLANG_WARN_OBJC_ROOT_CLASS = YES_ERROR;
				CLANG_WARN_RANGE_LOOP_ANALYSIS = YES;
				CLANG_WARN_STRICT_PROTOTYPES = YES;
				CLANG_WARN_SUSPICIOUS_MOVE = YES;
				CLANG_WARN_UNGUARDED_AVAILABILITY = YES_AGGRESSIVE;
				CLANG_WARN_UNREACHABLE_CODE = YES;
				CLANG_WARN__DUPLICATE_METHOD_MATCH = YES;
				CODE_SIGN_IDENTITY = "iPhone Developer";
				COPY_PHASE_STRIP = NO;
				DEBUG_INFORMATION_FORMAT = "dwarf-with-dsym";
				ENABLE_NS_ASSERTIONS = NO;
				ENABLE_STRICT_OBJC_MSGSEND = YES;
				GCC_C_LANGUAGE_STANDARD = gnu11;
				GCC_NO_COMMON_BLOCKS = YES;
				GCC_WARN_64_TO_32_BIT_CONVERSION = YES;
				GCC_WARN_ABOUT_RETURN_TYPE = YES_ERROR;
				GCC_WARN_UNDECLARED_SELECTOR = YES;
				GCC_WARN_UNINITIALIZED_AUTOS = YES_AGGRESSIVE;
				GCC_WARN_UNUSED_FUNCTION = YES;
				GCC_WARN_UNUSED_VARIABLE = YES;
				IPHONEOS_DEPLOYMENT_TARGET = 12.2;
				MTL_ENABLE_DEBUG_INFO = NO;
				MTL_FAST_MATH = YES;
				SDKROOT = iphoneos;
				SWIFT_COMPILATION_MODE = wholemodule;
				SWIFT_OPTIMIZATION_LEVEL = "-O";
				VALIDATE_PRODUCT = YES;
			};
			name = Release;
		};
		26BA35DF2469371100033727 /* Debug */ = {
			isa = XCBuildConfiguration;
			baseConfigurationReference = D647420957553A17A27FAC71 /* Pods-CustomTable.debug.xcconfig */;
			buildSettings = {
				ASSETCATALOG_COMPILER_APPICON_NAME = AppIcon;
				CODE_SIGN_STYLE = Automatic;
				INFOPLIST_FILE = CustomTable/Info.plist;
				LD_RUNPATH_SEARCH_PATHS = (
					"$(inherited)",
					"@executable_path/Frameworks",
				);
				PRODUCT_BUNDLE_IDENTIFIER = xim.macnpc.CustomTable;
				PRODUCT_NAME = "$(TARGET_NAME)";
				SWIFT_VERSION = 5.0;
				TARGETED_DEVICE_FAMILY = 1;
			};
			name = Debug;
		};
		26BA35E02469371100033727 /* Release */ = {
			isa = XCBuildConfiguration;
			baseConfigurationReference = 46132735AA6E4E0BB2F97680 /* Pods-CustomTable.release.xcconfig */;
			buildSettings = {
				ASSETCATALOG_COMPILER_APPICON_NAME = AppIcon;
				CODE_SIGN_STYLE = Automatic;
				INFOPLIST_FILE = CustomTable/Info.plist;
				LD_RUNPATH_SEARCH_PATHS = (
					"$(inherited)",
					"@executable_path/Frameworks",
				);
				PRODUCT_BUNDLE_IDENTIFIER = xim.macnpc.CustomTable;
				PRODUCT_NAME = "$(TARGET_NAME)";
				SWIFT_VERSION = 5.0;
				TARGETED_DEVICE_FAMILY = 1;
			};
			name = Release;
		};
/* End XCBuildConfiguration section */

/* Begin XCConfigurationList section */
		26BA35C72469370F00033727 /* Build configuration list for PBXProject "CustomTable" */ = {
			isa = XCConfigurationList;
			buildConfigurations = (
				26BA35DC2469371100033727 /* Debug */,
				26BA35DD2469371100033727 /* Release */,
			);
			defaultConfigurationIsVisible = 0;
			defaultConfigurationName = Release;
		};
		26BA35DE2469371100033727 /* Build configuration list for PBXNativeTarget "CustomTable" */ = {
			isa = XCConfigurationList;
			buildConfigurations = (
				26BA35DF2469371100033727 /* Debug */,
				26BA35E02469371100033727 /* Release */,
			);
			defaultConfigurationIsVisible = 0;
			defaultConfigurationName = Release;
		};
/* End XCConfigurationList section */
	};
	rootObject = 26BA35C42469370F00033727 /* Project object */;
}
